// !$*UTF8*$!
{
	archiveVersion = 1;
	classes = {
	};
	objectVersion = 54;
	objects = {

/* Begin PBXBuildFile section */
		00E356F31AD99517003FC87E /* PulsePlusTests.m in Sources */ = {isa = PBXBuildFile; fileRef = 00E356F21AD99517003FC87E /* PulsePlusTests.m */; };
		04FE057E937945E3AA0A6B53 /* Mulish-BlackItalic.ttf in Resources */ = {isa = PBXBuildFile; fileRef = 6BA277B7F4C74718BFDCB5EB /* Mulish-BlackItalic.ttf */; };
		0D7646E527B3FA9C00240629 /* HealthKit.framework in Frameworks */ = {isa = PBXBuildFile; fileRef = 0D7646E427B3FA9C00240629 /* HealthKit.framework */; };
		0E577FC1DC9B4352B282BC30 /* Mulish-Italic.ttf in Resources */ = {isa = PBXBuildFile; fileRef = 8BD8B134628B4A0A8222CDA3 /* Mulish-Italic.ttf */; };
		13B07FBC1A68108700A75B9A /* AppDelegate.m in Sources */ = {isa = PBXBuildFile; fileRef = 13B07FB01A68108700A75B9A /* AppDelegate.m */; };
		13B07FBF1A68108700A75B9A /* Images.xcassets in Resources */ = {isa = PBXBuildFile; fileRef = 13B07FB51A68108700A75B9A /* Images.xcassets */; };
		13B07FC11A68108700A75B9A /* main.m in Sources */ = {isa = PBXBuildFile; fileRef = 13B07FB71A68108700A75B9A /* main.m */; };
		237EF17479EA42E19AACF976 /* Mulish-ExtraBoldItalic.ttf in Resources */ = {isa = PBXBuildFile; fileRef = E6A3744DB61F42DC807F99DC /* Mulish-ExtraBoldItalic.ttf */; };
		376DEA8B06744C6BB26DA126 /* Mulish-Black.ttf in Resources */ = {isa = PBXBuildFile; fileRef = 37E4D7FA61994B76A78AF04A /* Mulish-Black.ttf */; };
		405501FE32AC499C93029C72 /* Mulish-SemiBoldItalic.ttf in Resources */ = {isa = PBXBuildFile; fileRef = 737AD4D95EEE41E7A50C2552 /* Mulish-SemiBoldItalic.ttf */; };
		460E7834EA7F4CAA96D6603F /* Mulish-Bold.ttf in Resources */ = {isa = PBXBuildFile; fileRef = A611F9704EB74A5FAA2FB403 /* Mulish-Bold.ttf */; };
		4808E738BA134A9799DFF42A /* Mulish-MediumItalic.ttf in Resources */ = {isa = PBXBuildFile; fileRef = 91DF3771AB4D4A22BFF6D01E /* Mulish-MediumItalic.ttf */; };
		4C8688ED920D4EBF98757070 /* Mulish-SemiBold.ttf in Resources */ = {isa = PBXBuildFile; fileRef = CFB8ECA178C1433E85D03B1F /* Mulish-SemiBold.ttf */; };
		54D0721B3F3C42B0BB24D36B /* Mulish-ExtraLight.ttf in Resources */ = {isa = PBXBuildFile; fileRef = 45330C14D4714233AA526BC2 /* Mulish-ExtraLight.ttf */; };
		5A736BDE1F757A5F09EA2533 /* libPods-PulsePlus.a in Frameworks */ = {isa = PBXBuildFile; fileRef = 8B80AEC6E0BC9B19C0F38E34 /* libPods-PulsePlus.a */; };
		62D007AAC4E04C63A879F57B /* Mulish-Regular.ttf in Resources */ = {isa = PBXBuildFile; fileRef = A7CF183FE37045708535CE3B /* Mulish-Regular.ttf */; };
		6C57AD1E620440BBAEEC43E5 /* Mulish-LightItalic.ttf in Resources */ = {isa = PBXBuildFile; fileRef = D890DED6150E4342A9F5A65F /* Mulish-LightItalic.ttf */; };
		6F30F51E8EC2403F8B7F2C67 /* Mulish-BoldItalic.ttf in Resources */ = {isa = PBXBuildFile; fileRef = 637F9D81C27640F2A62D3A3C /* Mulish-BoldItalic.ttf */; };
		81AB9BB82411601600AC10FF /* LaunchScreen.storyboard in Resources */ = {isa = PBXBuildFile; fileRef = 81AB9BB72411601600AC10FF /* LaunchScreen.storyboard */; };
		91A3F0ADBEB2E412E4D01DEC /* libPods-PulsePlus-PulsePlusTests.a in Frameworks */ = {isa = PBXBuildFile; fileRef = 65B5BF30490BE3DC84C12EED /* libPods-PulsePlus-PulsePlusTests.a */; };
		92579D8A10FB4DC697D8CBD4 /* Mulish-ExtraLightItalic.ttf in Resources */ = {isa = PBXBuildFile; fileRef = 70824E94D1B24C2DA3C0848D /* Mulish-ExtraLightItalic.ttf */; };
		ABB144638AAD4248816074CB /* Mulish-Light.ttf in Resources */ = {isa = PBXBuildFile; fileRef = CFBBC37391474F678BB19ED5 /* Mulish-Light.ttf */; };
		BDFC11BEC363494D9743D106 /* Mulish-ExtraBold.ttf in Resources */ = {isa = PBXBuildFile; fileRef = 0B3C09CF85344D338EA789D3 /* Mulish-ExtraBold.ttf */; };
		F1B3F81AF55247FE948A048D /* Mulish-Medium.ttf in Resources */ = {isa = PBXBuildFile; fileRef = C4D1DC90C0DD4601B3798B9D /* Mulish-Medium.ttf */; };
/* End PBXBuildFile section */

/* Begin PBXContainerItemProxy section */
		00E356F41AD99517003FC87E /* PBXContainerItemProxy */ = {
			isa = PBXContainerItemProxy;
			containerPortal = 83CBB9F71A601CBA00E9B192 /* Project object */;
			proxyType = 1;
			remoteGlobalIDString = 13B07F861A680F5B00A75B9A;
			remoteInfo = PulsePlus;
		};
/* End PBXContainerItemProxy section */

/* Begin PBXFileReference section */
		00E356EE1AD99517003FC87E /* PulsePlusTests.xctest */ = {isa = PBXFileReference; explicitFileType = wrapper.cfbundle; includeInIndex = 0; path = PulsePlusTests.xctest; sourceTree = BUILT_PRODUCTS_DIR; };
		00E356F11AD99517003FC87E /* Info.plist */ = {isa = PBXFileReference; lastKnownFileType = text.plist.xml; path = Info.plist; sourceTree = "<group>"; };
		00E356F21AD99517003FC87E /* PulsePlusTests.m */ = {isa = PBXFileReference; lastKnownFileType = sourcecode.c.objc; path = PulsePlusTests.m; sourceTree = "<group>"; };
		0B3C09CF85344D338EA789D3 /* Mulish-ExtraBold.ttf */ = {isa = PBXFileReference; explicitFileType = undefined; fileEncoding = 9; includeInIndex = 0; lastKnownFileType = unknown; name = "Mulish-ExtraBold.ttf"; path = "../src/assets/fonts/Mulish-ExtraBold.ttf"; sourceTree = "<group>"; };
		0D7646E327B3FA9C00240629 /* PulsePlus.entitlements */ = {isa = PBXFileReference; lastKnownFileType = text.plist.entitlements; name = PulsePlus.entitlements; path = PulsePlus/PulsePlus.entitlements; sourceTree = "<group>"; };
		0D7646E427B3FA9C00240629 /* HealthKit.framework */ = {isa = PBXFileReference; lastKnownFileType = wrapper.framework; name = HealthKit.framework; path = System/Library/Frameworks/HealthKit.framework; sourceTree = SDKROOT; };
		13B07F961A680F5B00A75B9A /* PulsePlus.app */ = {isa = PBXFileReference; explicitFileType = wrapper.application; includeInIndex = 0; path = PulsePlus.app; sourceTree = BUILT_PRODUCTS_DIR; };
		13B07FAF1A68108700A75B9A /* AppDelegate.h */ = {isa = PBXFileReference; fileEncoding = 4; lastKnownFileType = sourcecode.c.h; name = AppDelegate.h; path = PulsePlus/AppDelegate.h; sourceTree = "<group>"; };
		13B07FB01A68108700A75B9A /* AppDelegate.m */ = {isa = PBXFileReference; fileEncoding = 4; lastKnownFileType = sourcecode.c.objc; name = AppDelegate.m; path = PulsePlus/AppDelegate.m; sourceTree = "<group>"; };
		13B07FB51A68108700A75B9A /* Images.xcassets */ = {isa = PBXFileReference; lastKnownFileType = folder.assetcatalog; name = Images.xcassets; path = PulsePlus/Images.xcassets; sourceTree = "<group>"; };
		13B07FB61A68108700A75B9A /* Info.plist */ = {isa = PBXFileReference; fileEncoding = 4; lastKnownFileType = text.plist.xml; name = Info.plist; path = PulsePlus/Info.plist; sourceTree = "<group>"; };
		13B07FB71A68108700A75B9A /* main.m */ = {isa = PBXFileReference; fileEncoding = 4; lastKnownFileType = sourcecode.c.objc; name = main.m; path = PulsePlus/main.m; sourceTree = "<group>"; };
		330AEB697D6CE630AA3717CD /* Pods-PulsePlus.release.xcconfig */ = {isa = PBXFileReference; includeInIndex = 1; lastKnownFileType = text.xcconfig; name = "Pods-PulsePlus.release.xcconfig"; path = "Target Support Files/Pods-PulsePlus/Pods-PulsePlus.release.xcconfig"; sourceTree = "<group>"; };
		37E4D7FA61994B76A78AF04A /* Mulish-Black.ttf */ = {isa = PBXFileReference; explicitFileType = undefined; fileEncoding = 9; includeInIndex = 0; lastKnownFileType = unknown; name = "Mulish-Black.ttf"; path = "../src/assets/fonts/Mulish-Black.ttf"; sourceTree = "<group>"; };
		45330C14D4714233AA526BC2 /* Mulish-ExtraLight.ttf */ = {isa = PBXFileReference; explicitFileType = undefined; fileEncoding = 9; includeInIndex = 0; lastKnownFileType = unknown; name = "Mulish-ExtraLight.ttf"; path = "../src/assets/fonts/Mulish-ExtraLight.ttf"; sourceTree = "<group>"; };
		61C1FA4F7906692232E0AB7C /* Pods-PulsePlus-PulsePlusTests.debug.xcconfig */ = {isa = PBXFileReference; includeInIndex = 1; lastKnownFileType = text.xcconfig; name = "Pods-PulsePlus-PulsePlusTests.debug.xcconfig"; path = "Target Support Files/Pods-PulsePlus-PulsePlusTests/Pods-PulsePlus-PulsePlusTests.debug.xcconfig"; sourceTree = "<group>"; };
		637F9D81C27640F2A62D3A3C /* Mulish-BoldItalic.ttf */ = {isa = PBXFileReference; explicitFileType = undefined; fileEncoding = 9; includeInIndex = 0; lastKnownFileType = unknown; name = "Mulish-BoldItalic.ttf"; path = "../src/assets/fonts/Mulish-BoldItalic.ttf"; sourceTree = "<group>"; };
		64E6105FAADFB5128C42312A /* Pods-PulsePlus.debug.xcconfig */ = {isa = PBXFileReference; includeInIndex = 1; lastKnownFileType = text.xcconfig; name = "Pods-PulsePlus.debug.xcconfig"; path = "Target Support Files/Pods-PulsePlus/Pods-PulsePlus.debug.xcconfig"; sourceTree = "<group>"; };
		65B5BF30490BE3DC84C12EED /* libPods-PulsePlus-PulsePlusTests.a */ = {isa = PBXFileReference; explicitFileType = archive.ar; includeInIndex = 0; path = "libPods-PulsePlus-PulsePlusTests.a"; sourceTree = BUILT_PRODUCTS_DIR; };
		6BA277B7F4C74718BFDCB5EB /* Mulish-BlackItalic.ttf */ = {isa = PBXFileReference; explicitFileType = undefined; fileEncoding = 9; includeInIndex = 0; lastKnownFileType = unknown; name = "Mulish-BlackItalic.ttf"; path = "../src/assets/fonts/Mulish-BlackItalic.ttf"; sourceTree = "<group>"; };
		70824E94D1B24C2DA3C0848D /* Mulish-ExtraLightItalic.ttf */ = {isa = PBXFileReference; explicitFileType = undefined; fileEncoding = 9; includeInIndex = 0; lastKnownFileType = unknown; name = "Mulish-ExtraLightItalic.ttf"; path = "../src/assets/fonts/Mulish-ExtraLightItalic.ttf"; sourceTree = "<group>"; };
		737AD4D95EEE41E7A50C2552 /* Mulish-SemiBoldItalic.ttf */ = {isa = PBXFileReference; explicitFileType = undefined; fileEncoding = 9; includeInIndex = 0; lastKnownFileType = unknown; name = "Mulish-SemiBoldItalic.ttf"; path = "../src/assets/fonts/Mulish-SemiBoldItalic.ttf"; sourceTree = "<group>"; };
		81AB9BB72411601600AC10FF /* LaunchScreen.storyboard */ = {isa = PBXFileReference; fileEncoding = 4; lastKnownFileType = file.storyboard; name = LaunchScreen.storyboard; path = PulsePlus/LaunchScreen.storyboard; sourceTree = "<group>"; };
		8B80AEC6E0BC9B19C0F38E34 /* libPods-PulsePlus.a */ = {isa = PBXFileReference; explicitFileType = archive.ar; includeInIndex = 0; path = "libPods-PulsePlus.a"; sourceTree = BUILT_PRODUCTS_DIR; };
		8BD8B134628B4A0A8222CDA3 /* Mulish-Italic.ttf */ = {isa = PBXFileReference; explicitFileType = undefined; fileEncoding = 9; includeInIndex = 0; lastKnownFileType = unknown; name = "Mulish-Italic.ttf"; path = "../src/assets/fonts/Mulish-Italic.ttf"; sourceTree = "<group>"; };
		91DF3771AB4D4A22BFF6D01E /* Mulish-MediumItalic.ttf */ = {isa = PBXFileReference; explicitFileType = undefined; fileEncoding = 9; includeInIndex = 0; lastKnownFileType = unknown; name = "Mulish-MediumItalic.ttf"; path = "../src/assets/fonts/Mulish-MediumItalic.ttf"; sourceTree = "<group>"; };
		A611F9704EB74A5FAA2FB403 /* Mulish-Bold.ttf */ = {isa = PBXFileReference; explicitFileType = undefined; fileEncoding = 9; includeInIndex = 0; lastKnownFileType = unknown; name = "Mulish-Bold.ttf"; path = "../src/assets/fonts/Mulish-Bold.ttf"; sourceTree = "<group>"; };
		A7CF183FE37045708535CE3B /* Mulish-Regular.ttf */ = {isa = PBXFileReference; explicitFileType = undefined; fileEncoding = 9; includeInIndex = 0; lastKnownFileType = unknown; name = "Mulish-Regular.ttf"; path = "../src/assets/fonts/Mulish-Regular.ttf"; sourceTree = "<group>"; };
		B7F76CF5CA218178124FE084 /* Pods-PulsePlus-PulsePlusTests.release.xcconfig */ = {isa = PBXFileReference; includeInIndex = 1; lastKnownFileType = text.xcconfig; name = "Pods-PulsePlus-PulsePlusTests.release.xcconfig"; path = "Target Support Files/Pods-PulsePlus-PulsePlusTests/Pods-PulsePlus-PulsePlusTests.release.xcconfig"; sourceTree = "<group>"; };
		C4D1DC90C0DD4601B3798B9D /* Mulish-Medium.ttf */ = {isa = PBXFileReference; explicitFileType = undefined; fileEncoding = 9; includeInIndex = 0; lastKnownFileType = unknown; name = "Mulish-Medium.ttf"; path = "../src/assets/fonts/Mulish-Medium.ttf"; sourceTree = "<group>"; };
		CFB8ECA178C1433E85D03B1F /* Mulish-SemiBold.ttf */ = {isa = PBXFileReference; explicitFileType = undefined; fileEncoding = 9; includeInIndex = 0; lastKnownFileType = unknown; name = "Mulish-SemiBold.ttf"; path = "../src/assets/fonts/Mulish-SemiBold.ttf"; sourceTree = "<group>"; };
		CFBBC37391474F678BB19ED5 /* Mulish-Light.ttf */ = {isa = PBXFileReference; explicitFileType = undefined; fileEncoding = 9; includeInIndex = 0; lastKnownFileType = unknown; name = "Mulish-Light.ttf"; path = "../src/assets/fonts/Mulish-Light.ttf"; sourceTree = "<group>"; };
		D890DED6150E4342A9F5A65F /* Mulish-LightItalic.ttf */ = {isa = PBXFileReference; explicitFileType = undefined; fileEncoding = 9; includeInIndex = 0; lastKnownFileType = unknown; name = "Mulish-LightItalic.ttf"; path = "../src/assets/fonts/Mulish-LightItalic.ttf"; sourceTree = "<group>"; };
		E6A3744DB61F42DC807F99DC /* Mulish-ExtraBoldItalic.ttf */ = {isa = PBXFileReference; explicitFileType = undefined; fileEncoding = 9; includeInIndex = 0; lastKnownFileType = unknown; name = "Mulish-ExtraBoldItalic.ttf"; path = "../src/assets/fonts/Mulish-ExtraBoldItalic.ttf"; sourceTree = "<group>"; };
		ED297162215061F000B7C4FE /* JavaScriptCore.framework */ = {isa = PBXFileReference; lastKnownFileType = wrapper.framework; name = JavaScriptCore.framework; path = System/Library/Frameworks/JavaScriptCore.framework; sourceTree = SDKROOT; };
/* End PBXFileReference section */

/* Begin PBXFrameworksBuildPhase section */
		00E356EB1AD99517003FC87E /* Frameworks */ = {
			isa = PBXFrameworksBuildPhase;
			buildActionMask = 2147483647;
			files = (
				91A3F0ADBEB2E412E4D01DEC /* libPods-PulsePlus-PulsePlusTests.a in Frameworks */,
			);
			runOnlyForDeploymentPostprocessing = 0;
		};
		13B07F8C1A680F5B00A75B9A /* Frameworks */ = {
			isa = PBXFrameworksBuildPhase;
			buildActionMask = 2147483647;
			files = (
				5A736BDE1F757A5F09EA2533 /* libPods-PulsePlus.a in Frameworks */,
				0D7646E527B3FA9C00240629 /* HealthKit.framework in Frameworks */,
			);
			runOnlyForDeploymentPostprocessing = 0;
		};
/* End PBXFrameworksBuildPhase section */

/* Begin PBXGroup section */
		00E356EF1AD99517003FC87E /* PulsePlusTests */ = {
			isa = PBXGroup;
			children = (
				00E356F21AD99517003FC87E /* PulsePlusTests.m */,
				00E356F01AD99517003FC87E /* Supporting Files */,
			);
			path = PulsePlusTests;
			sourceTree = "<group>";
		};
		00E356F01AD99517003FC87E /* Supporting Files */ = {
			isa = PBXGroup;
			children = (
				00E356F11AD99517003FC87E /* Info.plist */,
			);
			name = "Supporting Files";
			sourceTree = "<group>";
		};
		0DFCF77C17404E289383CD5B /* Resources */ = {
			isa = PBXGroup;
			children = (
				37E4D7FA61994B76A78AF04A /* Mulish-Black.ttf */,
				6BA277B7F4C74718BFDCB5EB /* Mulish-BlackItalic.ttf */,
				A611F9704EB74A5FAA2FB403 /* Mulish-Bold.ttf */,
				637F9D81C27640F2A62D3A3C /* Mulish-BoldItalic.ttf */,
				0B3C09CF85344D338EA789D3 /* Mulish-ExtraBold.ttf */,
				E6A3744DB61F42DC807F99DC /* Mulish-ExtraBoldItalic.ttf */,
				45330C14D4714233AA526BC2 /* Mulish-ExtraLight.ttf */,
				70824E94D1B24C2DA3C0848D /* Mulish-ExtraLightItalic.ttf */,
				8BD8B134628B4A0A8222CDA3 /* Mulish-Italic.ttf */,
				CFBBC37391474F678BB19ED5 /* Mulish-Light.ttf */,
				D890DED6150E4342A9F5A65F /* Mulish-LightItalic.ttf */,
				C4D1DC90C0DD4601B3798B9D /* Mulish-Medium.ttf */,
				91DF3771AB4D4A22BFF6D01E /* Mulish-MediumItalic.ttf */,
				A7CF183FE37045708535CE3B /* Mulish-Regular.ttf */,
				CFB8ECA178C1433E85D03B1F /* Mulish-SemiBold.ttf */,
				737AD4D95EEE41E7A50C2552 /* Mulish-SemiBoldItalic.ttf */,
			);
			name = Resources;
			sourceTree = "<group>";
		};
		13B07FAE1A68108700A75B9A /* PulsePlus */ = {
			isa = PBXGroup;
			children = (
				0D7646E327B3FA9C00240629 /* PulsePlus.entitlements */,
				13B07FAF1A68108700A75B9A /* AppDelegate.h */,
				13B07FB01A68108700A75B9A /* AppDelegate.m */,
				13B07FB51A68108700A75B9A /* Images.xcassets */,
				13B07FB61A68108700A75B9A /* Info.plist */,
				81AB9BB72411601600AC10FF /* LaunchScreen.storyboard */,
				13B07FB71A68108700A75B9A /* main.m */,
			);
			name = PulsePlus;
			sourceTree = "<group>";
		};
		2D16E6871FA4F8E400B85C8A /* Frameworks */ = {
			isa = PBXGroup;
			children = (
				0D7646E427B3FA9C00240629 /* HealthKit.framework */,
				ED297162215061F000B7C4FE /* JavaScriptCore.framework */,
				8B80AEC6E0BC9B19C0F38E34 /* libPods-PulsePlus.a */,
				65B5BF30490BE3DC84C12EED /* libPods-PulsePlus-PulsePlusTests.a */,
			);
			name = Frameworks;
			sourceTree = "<group>";
		};
		832341AE1AAA6A7D00B99B32 /* Libraries */ = {
			isa = PBXGroup;
			children = (
			);
			name = Libraries;
			sourceTree = "<group>";
		};
		83CBB9F61A601CBA00E9B192 = {
			isa = PBXGroup;
			children = (
				13B07FAE1A68108700A75B9A /* PulsePlus */,
				832341AE1AAA6A7D00B99B32 /* Libraries */,
				00E356EF1AD99517003FC87E /* PulsePlusTests */,
				83CBBA001A601CBA00E9B192 /* Products */,
				2D16E6871FA4F8E400B85C8A /* Frameworks */,
				E8C5042AD57992D04228950A /* Pods */,
				0DFCF77C17404E289383CD5B /* Resources */,
			);
			indentWidth = 2;
			sourceTree = "<group>";
			tabWidth = 2;
			usesTabs = 0;
		};
		83CBBA001A601CBA00E9B192 /* Products */ = {
			isa = PBXGroup;
			children = (
				13B07F961A680F5B00A75B9A /* PulsePlus.app */,
				00E356EE1AD99517003FC87E /* PulsePlusTests.xctest */,
			);
			name = Products;
			sourceTree = "<group>";
		};
		E8C5042AD57992D04228950A /* Pods */ = {
			isa = PBXGroup;
			children = (
				64E6105FAADFB5128C42312A /* Pods-PulsePlus.debug.xcconfig */,
				330AEB697D6CE630AA3717CD /* Pods-PulsePlus.release.xcconfig */,
				61C1FA4F7906692232E0AB7C /* Pods-PulsePlus-PulsePlusTests.debug.xcconfig */,
				B7F76CF5CA218178124FE084 /* Pods-PulsePlus-PulsePlusTests.release.xcconfig */,
			);
			path = Pods;
			sourceTree = "<group>";
		};
/* End PBXGroup section */

/* Begin PBXNativeTarget section */
		00E356ED1AD99517003FC87E /* PulsePlusTests */ = {
			isa = PBXNativeTarget;
			buildConfigurationList = 00E357021AD99517003FC87E /* Build configuration list for PBXNativeTarget "PulsePlusTests" */;
			buildPhases = (
				9B787F12443FDEE2EB32A00B /* [CP] Check Pods Manifest.lock */,
				00E356EA1AD99517003FC87E /* Sources */,
				00E356EB1AD99517003FC87E /* Frameworks */,
				00E356EC1AD99517003FC87E /* Resources */,
				AF8FA3845D4EF28B2DB7DC22 /* [CP] Embed Pods Frameworks */,
				DD0537363B1BA10A43B9DF6C /* [CP] Copy Pods Resources */,
			);
			buildRules = (
			);
			dependencies = (
				00E356F51AD99517003FC87E /* PBXTargetDependency */,
			);
			name = PulsePlusTests;
			productName = PulsePlusTests;
			productReference = 00E356EE1AD99517003FC87E /* PulsePlusTests.xctest */;
			productType = "com.apple.product-type.bundle.unit-test";
		};
		13B07F861A680F5B00A75B9A /* PulsePlus */ = {
			isa = PBXNativeTarget;
			buildConfigurationList = 13B07F931A680F5B00A75B9A /* Build configuration list for PBXNativeTarget "PulsePlus" */;
			buildPhases = (
				1F1043CA8A4E2969BA886D79 /* [CP] Check Pods Manifest.lock */,
				FD10A7F022414F080027D42C /* Start Packager */,
				13B07F871A680F5B00A75B9A /* Sources */,
				13B07F8C1A680F5B00A75B9A /* Frameworks */,
				13B07F8E1A680F5B00A75B9A /* Resources */,
				00DD1BFF1BD5951E006B06BC /* Bundle React Native code and images */,
				804055C697C5F384D0284066 /* [CP] Embed Pods Frameworks */,
				D3C7E3434F947FDA1170D906 /* [CP] Copy Pods Resources */,
			);
			buildRules = (
			);
			dependencies = (
			);
			name = PulsePlus;
			productName = PulsePlus;
			productReference = 13B07F961A680F5B00A75B9A /* PulsePlus.app */;
			productType = "com.apple.product-type.application";
		};
/* End PBXNativeTarget section */

/* Begin PBXProject section */
		83CBB9F71A601CBA00E9B192 /* Project object */ = {
			isa = PBXProject;
			attributes = {
				LastUpgradeCheck = 1210;
				TargetAttributes = {
					00E356ED1AD99517003FC87E = {
						CreatedOnToolsVersion = 6.2;
						TestTargetID = 13B07F861A680F5B00A75B9A;
					};
					13B07F861A680F5B00A75B9A = {
						LastSwiftMigration = 1120;
					};
				};
			};
			buildConfigurationList = 83CBB9FA1A601CBA00E9B192 /* Build configuration list for PBXProject "PulsePlus" */;
			compatibilityVersion = "Xcode 12.0";
			developmentRegion = en;
			hasScannedForEncodings = 0;
			knownRegions = (
				en,
				Base,
			);
			mainGroup = 83CBB9F61A601CBA00E9B192;
			productRefGroup = 83CBBA001A601CBA00E9B192 /* Products */;
			projectDirPath = "";
			projectRoot = "";
			targets = (
				13B07F861A680F5B00A75B9A /* PulsePlus */,
				00E356ED1AD99517003FC87E /* PulsePlusTests */,
			);
		};
/* End PBXProject section */

/* Begin PBXResourcesBuildPhase section */
		00E356EC1AD99517003FC87E /* Resources */ = {
			isa = PBXResourcesBuildPhase;
			buildActionMask = 2147483647;
			files = (
			);
			runOnlyForDeploymentPostprocessing = 0;
		};
		13B07F8E1A680F5B00A75B9A /* Resources */ = {
			isa = PBXResourcesBuildPhase;
			buildActionMask = 2147483647;
			files = (
				81AB9BB82411601600AC10FF /* LaunchScreen.storyboard in Resources */,
				13B07FBF1A68108700A75B9A /* Images.xcassets in Resources */,
				376DEA8B06744C6BB26DA126 /* Mulish-Black.ttf in Resources */,
				04FE057E937945E3AA0A6B53 /* Mulish-BlackItalic.ttf in Resources */,
				460E7834EA7F4CAA96D6603F /* Mulish-Bold.ttf in Resources */,
				6F30F51E8EC2403F8B7F2C67 /* Mulish-BoldItalic.ttf in Resources */,
				BDFC11BEC363494D9743D106 /* Mulish-ExtraBold.ttf in Resources */,
				237EF17479EA42E19AACF976 /* Mulish-ExtraBoldItalic.ttf in Resources */,
				54D0721B3F3C42B0BB24D36B /* Mulish-ExtraLight.ttf in Resources */,
				92579D8A10FB4DC697D8CBD4 /* Mulish-ExtraLightItalic.ttf in Resources */,
				0E577FC1DC9B4352B282BC30 /* Mulish-Italic.ttf in Resources */,
				ABB144638AAD4248816074CB /* Mulish-Light.ttf in Resources */,
				6C57AD1E620440BBAEEC43E5 /* Mulish-LightItalic.ttf in Resources */,
				F1B3F81AF55247FE948A048D /* Mulish-Medium.ttf in Resources */,
				4808E738BA134A9799DFF42A /* Mulish-MediumItalic.ttf in Resources */,
				62D007AAC4E04C63A879F57B /* Mulish-Regular.ttf in Resources */,
				4C8688ED920D4EBF98757070 /* Mulish-SemiBold.ttf in Resources */,
				405501FE32AC499C93029C72 /* Mulish-SemiBoldItalic.ttf in Resources */,
			);
			runOnlyForDeploymentPostprocessing = 0;
		};
/* End PBXResourcesBuildPhase section */

/* Begin PBXShellScriptBuildPhase section */
		00DD1BFF1BD5951E006B06BC /* Bundle React Native code and images */ = {
			isa = PBXShellScriptBuildPhase;
			buildActionMask = 2147483647;
			files = (
			);
			inputPaths = (
			);
			name = "Bundle React Native code and images";
			outputPaths = (
			);
			runOnlyForDeploymentPostprocessing = 0;
			shellPath = /bin/sh;
			shellScript = "set -e\n\nexport NODE_BINARY=node\n../node_modules/react-native/scripts/react-native-xcode.sh\n";
		};
		1F1043CA8A4E2969BA886D79 /* [CP] Check Pods Manifest.lock */ = {
			isa = PBXShellScriptBuildPhase;
			buildActionMask = 2147483647;
			files = (
			);
			inputFileListPaths = (
			);
			inputPaths = (
				"${PODS_PODFILE_DIR_PATH}/Podfile.lock",
				"${PODS_ROOT}/Manifest.lock",
			);
			name = "[CP] Check Pods Manifest.lock";
			outputFileListPaths = (
			);
			outputPaths = (
				"$(DERIVED_FILE_DIR)/Pods-PulsePlus-checkManifestLockResult.txt",
			);
			runOnlyForDeploymentPostprocessing = 0;
			shellPath = /bin/sh;
			shellScript = "diff \"${PODS_PODFILE_DIR_PATH}/Podfile.lock\" \"${PODS_ROOT}/Manifest.lock\" > /dev/null\nif [ $? != 0 ] ; then\n    # print error to STDERR\n    echo \"error: The sandbox is not in sync with the Podfile.lock. Run 'pod install' or update your CocoaPods installation.\" >&2\n    exit 1\nfi\n# This output is used by Xcode 'outputs' to avoid re-running this script phase.\necho \"SUCCESS\" > \"${SCRIPT_OUTPUT_FILE_0}\"\n";
			showEnvVarsInLog = 0;
		};
		804055C697C5F384D0284066 /* [CP] Embed Pods Frameworks */ = {
			isa = PBXShellScriptBuildPhase;
			buildActionMask = 2147483647;
			files = (
			);
			inputFileListPaths = (
				"${PODS_ROOT}/Target Support Files/Pods-PulsePlus/Pods-PulsePlus-frameworks-${CONFIGURATION}-input-files.xcfilelist",
			);
			name = "[CP] Embed Pods Frameworks";
			outputFileListPaths = (
				"${PODS_ROOT}/Target Support Files/Pods-PulsePlus/Pods-PulsePlus-frameworks-${CONFIGURATION}-output-files.xcfilelist",
			);
			runOnlyForDeploymentPostprocessing = 0;
			shellPath = /bin/sh;
			shellScript = "\"${PODS_ROOT}/Target Support Files/Pods-PulsePlus/Pods-PulsePlus-frameworks.sh\"\n";
			showEnvVarsInLog = 0;
		};
		9B787F12443FDEE2EB32A00B /* [CP] Check Pods Manifest.lock */ = {
			isa = PBXShellScriptBuildPhase;
			buildActionMask = 2147483647;
			files = (
			);
			inputFileListPaths = (
			);
			inputPaths = (
				"${PODS_PODFILE_DIR_PATH}/Podfile.lock",
				"${PODS_ROOT}/Manifest.lock",
			);
			name = "[CP] Check Pods Manifest.lock";
			outputFileListPaths = (
			);
			outputPaths = (
				"$(DERIVED_FILE_DIR)/Pods-PulsePlus-PulsePlusTests-checkManifestLockResult.txt",
			);
			runOnlyForDeploymentPostprocessing = 0;
			shellPath = /bin/sh;
			shellScript = "diff \"${PODS_PODFILE_DIR_PATH}/Podfile.lock\" \"${PODS_ROOT}/Manifest.lock\" > /dev/null\nif [ $? != 0 ] ; then\n    # print error to STDERR\n    echo \"error: The sandbox is not in sync with the Podfile.lock. Run 'pod install' or update your CocoaPods installation.\" >&2\n    exit 1\nfi\n# This output is used by Xcode 'outputs' to avoid re-running this script phase.\necho \"SUCCESS\" > \"${SCRIPT_OUTPUT_FILE_0}\"\n";
			showEnvVarsInLog = 0;
		};
		AF8FA3845D4EF28B2DB7DC22 /* [CP] Embed Pods Frameworks */ = {
			isa = PBXShellScriptBuildPhase;
			buildActionMask = 2147483647;
			files = (
			);
			inputFileListPaths = (
				"${PODS_ROOT}/Target Support Files/Pods-PulsePlus-PulsePlusTests/Pods-PulsePlus-PulsePlusTests-frameworks-${CONFIGURATION}-input-files.xcfilelist",
			);
			name = "[CP] Embed Pods Frameworks";
			outputFileListPaths = (
				"${PODS_ROOT}/Target Support Files/Pods-PulsePlus-PulsePlusTests/Pods-PulsePlus-PulsePlusTests-frameworks-${CONFIGURATION}-output-files.xcfilelist",
			);
			runOnlyForDeploymentPostprocessing = 0;
			shellPath = /bin/sh;
			shellScript = "\"${PODS_ROOT}/Target Support Files/Pods-PulsePlus-PulsePlusTests/Pods-PulsePlus-PulsePlusTests-frameworks.sh\"\n";
			showEnvVarsInLog = 0;
		};
		D3C7E3434F947FDA1170D906 /* [CP] Copy Pods Resources */ = {
			isa = PBXShellScriptBuildPhase;
			buildActionMask = 2147483647;
			files = (
			);
			inputFileListPaths = (
				"${PODS_ROOT}/Target Support Files/Pods-PulsePlus/Pods-PulsePlus-resources-${CONFIGURATION}-input-files.xcfilelist",
			);
			name = "[CP] Copy Pods Resources";
			outputFileListPaths = (
				"${PODS_ROOT}/Target Support Files/Pods-PulsePlus/Pods-PulsePlus-resources-${CONFIGURATION}-output-files.xcfilelist",
			);
			runOnlyForDeploymentPostprocessing = 0;
			shellPath = /bin/sh;
			shellScript = "\"${PODS_ROOT}/Target Support Files/Pods-PulsePlus/Pods-PulsePlus-resources.sh\"\n";
			showEnvVarsInLog = 0;
		};
		DD0537363B1BA10A43B9DF6C /* [CP] Copy Pods Resources */ = {
			isa = PBXShellScriptBuildPhase;
			buildActionMask = 2147483647;
			files = (
			);
			inputFileListPaths = (
				"${PODS_ROOT}/Target Support Files/Pods-PulsePlus-PulsePlusTests/Pods-PulsePlus-PulsePlusTests-resources-${CONFIGURATION}-input-files.xcfilelist",
			);
			name = "[CP] Copy Pods Resources";
			outputFileListPaths = (
				"${PODS_ROOT}/Target Support Files/Pods-PulsePlus-PulsePlusTests/Pods-PulsePlus-PulsePlusTests-resources-${CONFIGURATION}-output-files.xcfilelist",
			);
			runOnlyForDeploymentPostprocessing = 0;
			shellPath = /bin/sh;
			shellScript = "\"${PODS_ROOT}/Target Support Files/Pods-PulsePlus-PulsePlusTests/Pods-PulsePlus-PulsePlusTests-resources.sh\"\n";
			showEnvVarsInLog = 0;
		};
		FD10A7F022414F080027D42C /* Start Packager */ = {
			isa = PBXShellScriptBuildPhase;
			buildActionMask = 2147483647;
			files = (
			);
			inputFileListPaths = (
			);
			inputPaths = (
			);
			name = "Start Packager";
			outputFileListPaths = (
			);
			outputPaths = (
			);
			runOnlyForDeploymentPostprocessing = 0;
			shellPath = /bin/sh;
			shellScript = "export RCT_METRO_PORT=\"${RCT_METRO_PORT:=8081}\"\necho \"export RCT_METRO_PORT=${RCT_METRO_PORT}\" > \"${SRCROOT}/../node_modules/react-native/scripts/.packager.env\"\nif [ -z \"${RCT_NO_LAUNCH_PACKAGER+xxx}\" ] ; then\n  if nc -w 5 -z localhost ${RCT_METRO_PORT} ; then\n    if ! curl -s \"http://localhost:${RCT_METRO_PORT}/status\" | grep -q \"packager-status:running\" ; then\n      echo \"Port ${RCT_METRO_PORT} already in use, packager is either not running or not running correctly\"\n      exit 2\n    fi\n  else\n    open \"$SRCROOT/../node_modules/react-native/scripts/launchPackager.command\" || echo \"Can't start packager automatically\"\n  fi\nfi\n";
			showEnvVarsInLog = 0;
		};
/* End PBXShellScriptBuildPhase section */

/* Begin PBXSourcesBuildPhase section */
		00E356EA1AD99517003FC87E /* Sources */ = {
			isa = PBXSourcesBuildPhase;
			buildActionMask = 2147483647;
			files = (
				00E356F31AD99517003FC87E /* PulsePlusTests.m in Sources */,
			);
			runOnlyForDeploymentPostprocessing = 0;
		};
		13B07F871A680F5B00A75B9A /* Sources */ = {
			isa = PBXSourcesBuildPhase;
			buildActionMask = 2147483647;
			files = (
				13B07FBC1A68108700A75B9A /* AppDelegate.m in Sources */,
				13B07FC11A68108700A75B9A /* main.m in Sources */,
			);
			runOnlyForDeploymentPostprocessing = 0;
		};
/* End PBXSourcesBuildPhase section */

/* Begin PBXTargetDependency section */
		00E356F51AD99517003FC87E /* PBXTargetDependency */ = {
			isa = PBXTargetDependency;
			target = 13B07F861A680F5B00A75B9A /* PulsePlus */;
			targetProxy = 00E356F41AD99517003FC87E /* PBXContainerItemProxy */;
		};
/* End PBXTargetDependency section */

/* Begin XCBuildConfiguration section */
		00E356F61AD99517003FC87E /* Debug */ = {
			isa = XCBuildConfiguration;
			baseConfigurationReference = 61C1FA4F7906692232E0AB7C /* Pods-PulsePlus-PulsePlusTests.debug.xcconfig */;
			buildSettings = {
				BUNDLE_LOADER = "$(TEST_HOST)";
				GCC_PREPROCESSOR_DEFINITIONS = (
					"DEBUG=1",
					"$(inherited)",
				);
				INFOPLIST_FILE = PulsePlusTests/Info.plist;
				IPHONEOS_DEPLOYMENT_TARGET = 10.0;
				LD_RUNPATH_SEARCH_PATHS = (
					"$(inherited)",
					"@executable_path/Frameworks",
					"@loader_path/Frameworks",
				);
				OTHER_LDFLAGS = (
					"-ObjC",
					"-lc++",
					"$(inherited)",
				);
				PRODUCT_BUNDLE_IDENTIFIER = "org.reactjs.native.example.$(PRODUCT_NAME:rfc1034identifier)";
				PRODUCT_NAME = "$(TARGET_NAME)";
				TEST_HOST = "$(BUILT_PRODUCTS_DIR)/PulsePlus.app/PulsePlus";
			};
			name = Debug;
		};
		00E356F71AD99517003FC87E /* Release */ = {
			isa = XCBuildConfiguration;
			baseConfigurationReference = B7F76CF5CA218178124FE084 /* Pods-PulsePlus-PulsePlusTests.release.xcconfig */;
			buildSettings = {
				BUNDLE_LOADER = "$(TEST_HOST)";
				COPY_PHASE_STRIP = NO;
				INFOPLIST_FILE = PulsePlusTests/Info.plist;
				IPHONEOS_DEPLOYMENT_TARGET = 10.0;
				LD_RUNPATH_SEARCH_PATHS = (
					"$(inherited)",
					"@executable_path/Frameworks",
					"@loader_path/Frameworks",
				);
				OTHER_LDFLAGS = (
					"-ObjC",
					"-lc++",
					"$(inherited)",
				);
				PRODUCT_BUNDLE_IDENTIFIER = "org.reactjs.native.example.$(PRODUCT_NAME:rfc1034identifier)";
				PRODUCT_NAME = "$(TARGET_NAME)";
				TEST_HOST = "$(BUILT_PRODUCTS_DIR)/PulsePlus.app/PulsePlus";
			};
			name = Release;
		};
		13B07F941A680F5B00A75B9A /* Debug */ = {
			isa = XCBuildConfiguration;
			baseConfigurationReference = 64E6105FAADFB5128C42312A /* Pods-PulsePlus.debug.xcconfig */;
			buildSettings = {
				ASSETCATALOG_COMPILER_APPICON_NAME = AppIcon;
				CLANG_ENABLE_MODULES = YES;
				CODE_SIGN_ENTITLEMENTS = PulsePlus/PulsePlus.entitlements;
				CURRENT_PROJECT_VERSION = 3;
				DEVELOPMENT_TEAM = 6277PK928C;
				ENABLE_BITCODE = NO;
				INFOPLIST_FILE = PulsePlus/Info.plist;
				LD_RUNPATH_SEARCH_PATHS = (
					"$(inherited)",
					"@executable_path/Frameworks",
				);
				MARKETING_VERSION = 0.2;
				OTHER_LDFLAGS = (
					"$(inherited)",
					"-ObjC",
					"-lc++",
				);
				PRODUCT_BUNDLE_IDENTIFIER = com.pulseplus.app;
				PRODUCT_NAME = PulsePlus;
				SWIFT_OPTIMIZATION_LEVEL = "-Onone";
				SWIFT_VERSION = 5.0;
				VERSIONING_SYSTEM = "apple-generic";
			};
			name = Debug;
		};
		13B07F951A680F5B00A75B9A /* Release */ = {
			isa = XCBuildConfiguration;
			baseConfigurationReference = 330AEB697D6CE630AA3717CD /* Pods-PulsePlus.release.xcconfig */;
			buildSettings = {
				ASSETCATALOG_COMPILER_APPICON_NAME = AppIcon;
				CLANG_ENABLE_MODULES = YES;
				CODE_SIGN_ENTITLEMENTS = PulsePlus/PulsePlus.entitlements;
				CURRENT_PROJECT_VERSION = 3;
				DEVELOPMENT_TEAM = 6277PK928C;
				INFOPLIST_FILE = PulsePlus/Info.plist;
				LD_RUNPATH_SEARCH_PATHS = (
					"$(inherited)",
					"@executable_path/Frameworks",
				);
				MARKETING_VERSION = 0.2;
				OTHER_LDFLAGS = (
					"$(inherited)",
					"-ObjC",
					"-lc++",
				);
				PRODUCT_BUNDLE_IDENTIFIER = com.pulseplus.app;
				PRODUCT_NAME = PulsePlus;
				SWIFT_VERSION = 5.0;
				VERSIONING_SYSTEM = "apple-generic";
			};
			name = Release;
		};
		83CBBA201A601CBA00E9B192 /* Debug */ = {
			isa = XCBuildConfiguration;
			buildSettings = {
				ALWAYS_SEARCH_USER_PATHS = NO;
				CLANG_ANALYZER_LOCALIZABILITY_NONLOCALIZED = YES;
				CLANG_CXX_LANGUAGE_STANDARD = "gnu++0x";
				CLANG_CXX_LIBRARY = "libc++";
				CLANG_ENABLE_MODULES = YES;
				CLANG_ENABLE_OBJC_ARC = YES;
				CLANG_WARN_BLOCK_CAPTURE_AUTORELEASING = YES;
				CLANG_WARN_BOOL_CONVERSION = YES;
				CLANG_WARN_COMMA = YES;
				CLANG_WARN_CONSTANT_CONVERSION = YES;
				CLANG_WARN_DEPRECATED_OBJC_IMPLEMENTATIONS = YES;
				CLANG_WARN_DIRECT_OBJC_ISA_USAGE = YES_ERROR;
				CLANG_WARN_EMPTY_BODY = YES;
				CLANG_WARN_ENUM_CONVERSION = YES;
				CLANG_WARN_INFINITE_RECURSION = YES;
				CLANG_WARN_INT_CONVERSION = YES;
				CLANG_WARN_NON_LITERAL_NULL_CONVERSION = YES;
				CLANG_WARN_OBJC_IMPLICIT_RETAIN_SELF = YES;
				CLANG_WARN_OBJC_LITERAL_CONVERSION = YES;
				CLANG_WARN_OBJC_ROOT_CLASS = YES_ERROR;
				CLANG_WARN_QUOTED_INCLUDE_IN_FRAMEWORK_HEADER = YES;
				CLANG_WARN_RANGE_LOOP_ANALYSIS = YES;
				CLANG_WARN_STRICT_PROTOTYPES = YES;
				CLANG_WARN_SUSPICIOUS_MOVE = YES;
				CLANG_WARN_UNREACHABLE_CODE = YES;
				CLANG_WARN__DUPLICATE_METHOD_MATCH = YES;
				"CODE_SIGN_IDENTITY[sdk=iphoneos*]" = "iPhone Developer";
				COPY_PHASE_STRIP = NO;
				DEVELOPMENT_TEAM = 6277PK928C;
				ENABLE_STRICT_OBJC_MSGSEND = YES;
				ENABLE_TESTABILITY = YES;
				"EXCLUDED_ARCHS[sdk=iphonesimulator*]" = "";
				GCC_C_LANGUAGE_STANDARD = gnu99;
				GCC_DYNAMIC_NO_PIC = NO;
				GCC_NO_COMMON_BLOCKS = YES;
				GCC_OPTIMIZATION_LEVEL = 0;
				GCC_PREPROCESSOR_DEFINITIONS = (
					"DEBUG=1",
					"$(inherited)",
				);
				GCC_SYMBOLS_PRIVATE_EXTERN = NO;
				GCC_WARN_64_TO_32_BIT_CONVERSION = YES;
				GCC_WARN_ABOUT_RETURN_TYPE = YES_ERROR;
				GCC_WARN_UNDECLARED_SELECTOR = YES;
				GCC_WARN_UNINITIALIZED_AUTOS = YES_AGGRESSIVE;
				GCC_WARN_UNUSED_FUNCTION = YES;
				GCC_WARN_UNUSED_VARIABLE = YES;
				IPHONEOS_DEPLOYMENT_TARGET = 10.0;
				LD_RUNPATH_SEARCH_PATHS = (
					/usr/lib/swift,
					"$(inherited)",
				);
				LIBRARY_SEARCH_PATHS = (
					"\"$(TOOLCHAIN_DIR)/usr/lib/swift/$(PLATFORM_NAME)\"",
					"\"$(TOOLCHAIN_DIR)/usr/lib/swift-5.0/$(PLATFORM_NAME)\"",
					"\"$(inherited)\"",
				);
				MTL_ENABLE_DEBUG_INFO = YES;
				ONLY_ACTIVE_ARCH = YES;
				SDKROOT = iphoneos;
			};
			name = Debug;
		};
		83CBBA211A601CBA00E9B192 /* Release */ = {
			isa = XCBuildConfiguration;
			buildSettings = {
				ALWAYS_SEARCH_USER_PATHS = NO;
				CLANG_ANALYZER_LOCALIZABILITY_NONLOCALIZED = YES;
				CLANG_CXX_LANGUAGE_STANDARD = "gnu++0x";
				CLANG_CXX_LIBRARY = "libc++";
				CLANG_ENABLE_MODULES = YES;
				CLANG_ENABLE_OBJC_ARC = YES;
				CLANG_WARN_BLOCK_CAPTURE_AUTORELEASING = YES;
				CLANG_WARN_BOOL_CONVERSION = YES;
				CLANG_WARN_COMMA = YES;
				CLANG_WARN_CONSTANT_CONVERSION = YES;
				CLANG_WARN_DEPRECATED_OBJC_IMPLEMENTATIONS = YES;
				CLANG_WARN_DIRECT_OBJC_ISA_USAGE = YES_ERROR;
				CLANG_WARN_EMPTY_BODY = YES;
				CLANG_WARN_ENUM_CONVERSION = YES;
				CLANG_WARN_INFINITE_RECURSION = YES;
				CLANG_WARN_INT_CONVERSION = YES;
				CLANG_WARN_NON_LITERAL_NULL_CONVERSION = YES;
				CLANG_WARN_OBJC_IMPLICIT_RETAIN_SELF = YES;
				CLANG_WARN_OBJC_LITERAL_CONVERSION = YES;
				CLANG_WARN_OBJC_ROOT_CLASS = YES_ERROR;
				CLANG_WARN_QUOTED_INCLUDE_IN_FRAMEWORK_HEADER = YES;
				CLANG_WARN_RANGE_LOOP_ANALYSIS = YES;
				CLANG_WARN_STRICT_PROTOTYPES = YES;
				CLANG_WARN_SUSPICIOUS_MOVE = YES;
				CLANG_WARN_UNREACHABLE_CODE = YES;
				CLANG_WARN__DUPLICATE_METHOD_MATCH = YES;
				"CODE_SIGN_IDENTITY[sdk=iphoneos*]" = "iPhone Developer";
				COPY_PHASE_STRIP = YES;
				DEVELOPMENT_TEAM = 6277PK928C;
				ENABLE_NS_ASSERTIONS = NO;
				ENABLE_STRICT_OBJC_MSGSEND = YES;
				"EXCLUDED_ARCHS[sdk=iphonesimulator*]" = "";
				GCC_C_LANGUAGE_STANDARD = gnu99;
				GCC_NO_COMMON_BLOCKS = YES;
				GCC_WARN_64_TO_32_BIT_CONVERSION = YES;
				GCC_WARN_ABOUT_RETURN_TYPE = YES_ERROR;
				GCC_WARN_UNDECLARED_SELECTOR = YES;
				GCC_WARN_UNINITIALIZED_AUTOS = YES_AGGRESSIVE;
				GCC_WARN_UNUSED_FUNCTION = YES;
				GCC_WARN_UNUSED_VARIABLE = YES;
				IPHONEOS_DEPLOYMENT_TARGET = 10.0;
				LD_RUNPATH_SEARCH_PATHS = (
					/usr/lib/swift,
					"$(inherited)",
				);
				LIBRARY_SEARCH_PATHS = (
					"\"$(TOOLCHAIN_DIR)/usr/lib/swift/$(PLATFORM_NAME)\"",
					"\"$(TOOLCHAIN_DIR)/usr/lib/swift-5.0/$(PLATFORM_NAME)\"",
					"\"$(inherited)\"",
				);
				MTL_ENABLE_DEBUG_INFO = NO;
				SDKROOT = iphoneos;
				VALIDATE_PRODUCT = YES;
			};
			name = Release;
		};
/* End XCBuildConfiguration section */

/* Begin XCConfigurationList section */
		00E357021AD99517003FC87E /* Build configuration list for PBXNativeTarget "PulsePlusTests" */ = {
			isa = XCConfigurationList;
			buildConfigurations = (
				00E356F61AD99517003FC87E /* Debug */,
				00E356F71AD99517003FC87E /* Release */,
			);
			defaultConfigurationIsVisible = 0;
			defaultConfigurationName = Release;
		};
		13B07F931A680F5B00A75B9A /* Build configuration list for PBXNativeTarget "PulsePlus" */ = {
			isa = XCConfigurationList;
			buildConfigurations = (
				13B07F941A680F5B00A75B9A /* Debug */,
				13B07F951A680F5B00A75B9A /* Release */,
			);
			defaultConfigurationIsVisible = 0;
			defaultConfigurationName = Release;
		};
		83CBB9FA1A601CBA00E9B192 /* Build configuration list for PBXProject "PulsePlus" */ = {
			isa = XCConfigurationList;
			buildConfigurations = (
				83CBBA201A601CBA00E9B192 /* Debug */,
				83CBBA211A601CBA00E9B192 /* Release */,
			);
			defaultConfigurationIsVisible = 0;
			defaultConfigurationName = Release;
		};
/* End XCConfigurationList section */
	};
	rootObject = 83CBB9F71A601CBA00E9B192 /* Project object */;
}
